{
    "_meta": {
        "hash": {
            "sha256": "1fd06c0b2c0c945da2247d36d06818e2be84f0fee29e7519471d1d6ed1fe1354"
        },
        "pipfile-spec": 6,
        "requires": {},
        "sources": [
            {
                "name": "pypi",
                "url": "https://pypi.org/simple",
                "verify_ssl": true
            }
        ]
    },
    "default": {
        "appdirs": {
            "hashes": [
                "sha256:7d5d0167b2b1ba821647616af46a749d1c653740dd0d2415100fe26e27afdf41",
                "sha256:a841dacd6b99318a741b166adb07e19ee71a274450e68237b4650ca1055ab128"
            ],
            "version": "==1.4.4"
        },
        "asgiref": {
            "hashes": [
                "sha256:5ee950735509d04eb673bd7f7120f8fa1c9e2df495394992c73234d526907e17",
                "sha256:7162a3cb30ab0609f1a4c95938fd73e8604f63bdba516a7f7d64b83ff09478f0"
            ],
            "version": "==3.3.1"
        },
        "boto3": {
            "hashes": [
                "sha256:5eed44c33358f7606f180a70828131f7f99b1d018ba189098d5e1cfa38ba3db0",
                "sha256:a1adec9fc44dd64c44c23a8066306d348b0dd818b015062a747cb504d1bd56c4"
            ],
            "version": "==1.17.31"
        },
        "botocore": {
            "hashes": [
                "sha256:4e0bbd384b17e9437ce5a9e35495cb1a82ab3f0d80b02cb4847d0bb5ebaf89b7",
                "sha256:68905e6181e58d1675de980bbf766fa2ea644cdaeb0b5e8b92715fa6106cf7b4"
            ],
            "version": "==1.20.31"
        },
        "django": {
            "hashes": [
                "sha256:169e2e7b4839a7910b393eec127fd7cbae62e80fa55f89c6510426abf673fe5f",
                "sha256:c6c0462b8b361f8691171af1fb87eceb4442da28477e12200c40420176206ba7"
            ],
            "index": "pypi",
            "version": "==3.1.6"
        },
        "django-bakery": {
            "hashes": [
                "sha256:48156dbd9ddb762bef4352350a5f43744740529148fd70598120d8d2ae5e273c",
                "sha256:9eb91d1a65ecc0ba08c58ef091130b7daa012e4a1e30b4c3960ea36d9477fcef"
            ],
            "index": "pypi",
            "version": "==0.12.7"
        },
        "django-tinymce4-lite": {
            "hashes": [
                "sha256:e6776bc5b2c7237705fea18668574bc1c4dff36babc90c99a2bb7b5d636eb5e8",
                "sha256:f0958117ddacc72596e80746729e02a727264413ab54b799f3b697a44e054e87"
            ],
            "index": "pypi",
            "version": "==1.7.5"
        },
        "fs": {
            "hashes": [
                "sha256:c10ba188b14d6213a1ca950efd004931abbfa64b294c80bbf1045753831bf42f",
                "sha256:da6cc360677712ae27ac4be8a3ef404dd7970dbd1c3eebe87a25bebd94e84b4c"
            ],
            "version": "==2.4.12"
        },
        "futures": {
            "hashes": [
                "sha256:3a44f286998ae64f0cc083682fcfec16c406134a81a589a5de445d7bb7c2751b",
                "sha256:51ecb45f0add83c806c68e4b06106f90db260585b25ef2abfcda0bd95c0132fd",
                "sha256:c4884a65654a7c45435063e14ae85280eb1f111d94e542396717ba9828c4337f"
            ],
            "version": "==3.1.1"
        },
        "jmespath": {
            "hashes": [
                "sha256:b85d0567b8666149a93172712e68920734333c0ce7e89b78b3e987f71e5ed4f9",
                "sha256:cdf6525904cc597730141d61b36f2e4b8ecc257c420fa2f4549bac2c2d0cb72f"
            ],
            "version": "==0.10.0"
        },
        "jsmin": {
            "hashes": [
                "sha256:b6df99b2cd1c75d9d342e4335b535789b8da9107ec748212706ef7bbe5c2553b"
            ],
            "version": "==2.2.2"
        },
        "python-dateutil": {
            "hashes": [
                "sha256:73ebfe9dbf22e832286dafa60473e4cd239f8592f699aa5adaf10050e6e1823c",
                "sha256:75bb3f31ea686f1197762692a9ee6a7550b59fc6ca3a1f4b5d7e32fb98e2da2a"
            ],
            "version": "==2.8.1"
        },
        "pytz": {
            "hashes": [
                "sha256:83a4a90894bf38e243cf052c8b58f381bfe9a7a483f6a9cab140bc7f702ac4da",
                "sha256:eb10ce3e7736052ed3623d49975ce333bcd712c7bb19a58b9e2089d4057d0798"
            ],
            "version": "==2021.1"
        },
        "s3transfer": {
            "hashes": [
                "sha256:2db91129803fa023bc71c16d106acac52c43409477a777910ae61a8279b4ee73",
                "sha256:59867fd9482a3e2cf3179051b5a3e03051c78047c967e89d57a3ec41b058a980"
            ],
            "version": "==0.3.5"
        },
        "six": {
            "hashes": [
                "sha256:30639c035cdb23534cd4aa2dd52c3bf48f06e5f4a941509c8bafd8ce11080259",
                "sha256:8b74bedcbbbaca38ff6d7491d76f2b06b3592611af620f8426e82dddb04a5ced"
            ],
            "version": "==1.15.0"
        },
        "sqlparse": {
            "hashes": [
                "sha256:017cde379adbd6a1f15a61873f43e8274179378e95ef3fede90b5aa64d304ed0",
                "sha256:0f91fd2e829c44362cbcfab3e9ae12e22badaa8a29ad5ff599f9ec109f0454e8"
            ],
            "version": "==0.4.1"
        },
        "urllib3": {
            "hashes": [
                "sha256:2f4da4594db7e1e110a944bb1b551fdf4e6c136ad42e4234131391e21eb5b0df",
                "sha256:e7b021f7241115872f92f43c6508082facffbd1c048e3c6e2bb9c2a157e28937"
            ],
            "version": "==1.26.4"
        }
    },
    "develop": {}
}
